
Microsoft Visual Studio Solution File, Format Version 12.00
# Visual Studio Version 16
VisualStudioVersion = 16.0.31402.337
MinimumVisualStudioVersion = 10.0.40219.1
Project("{9A19103F-16F7-4668-BE54-9A1E7A4F7556}") = "SnapDevelopHelper", "SnapDevelopHelper\SnapDevelopHelper.csproj", "{4F789CC3-93A3-45FD-B431-2AB0801C5712}"
EndProject
Global
	GlobalSection(SolutionConfigurationPlatforms) = preSolution
		Debug|Any CPU = Debug|Any CPU
		Release|Any CPU = Release|Any CPU
	EndGlobalSection
	GlobalSection(ProjectConfigurationPlatforms) = postSolution
		{4F789CC3-93A3-45FD-B431-2AB0801C5712}.Debug|Any CPU.ActiveCfg = Debug|Any CPU
		{4F789CC3-93A3-45FD-B431-2AB0801C5712}.Debug|Any CPU.Build.0 = Debug|Any CPU
		{4F789CC3-93A3-45FD-B431-2AB0801C5712}.Release|Any CPU.ActiveCfg = Release|Any CPU
		{4F789CC3-93A3-45FD-B431-2AB0801C5712}.Release|Any CPU.Build.0 = Release|Any CPU
	EndGlobalSection
	GlobalSection(SolutionProperties) = preSolution
		HideSolutionNode = FALSE
	EndGlobalSection
	GlobalSection(ExtensibilityGlobals) = postSolution
		SolutionGuid = {72DED416-5A1D-4780-846C-1A43B3D37313}
	EndGlobalSection
EndGlobal
